
Microsoft Visual Studio Solution File, Format Version 12.00
# Visual Studio Version 17
VisualStudioVersion = 17.0.31903.59
MinimumVisualStudioVersion = 10.0.40219.1
Project("{FAE04EC0-301F-11D3-BF4B-00C04F79EFBC}") = "PSSC_Project.API", "PSSC_Project.API\PSSC_Project.API.csproj", "{20761AF8-E81C-4832-AE3B-4FF8FD6FBF51}"
EndProject
Project("{FAE04EC0-301F-11D3-BF4B-00C04F79EFBC}") = "PSSC_Project.Data", "PSSC_Project.Data\PSSC_Project.Data.csproj", "{381EE0A3-AD8C-4A8B-80D9-8F56FF4FBC71}"
EndProject
Project("{FAE04EC0-301F-11D3-BF4B-00C04F79EFBC}") = "PSSC_Project.Domain", "PSSC_Project.Domain\PSSC_Project.Domain.csproj", "{C6E5707B-AF0F-46C5-91C5-532AF3AE664A}"
EndProject
Global
	GlobalSection(SolutionConfigurationPlatforms) = preSolution
		Debug|Any CPU = Debug|Any CPU
		Release|Any CPU = Release|Any CPU
	EndGlobalSection
	GlobalSection(SolutionProperties) = preSolution
		HideSolutionNode = FALSE
	EndGlobalSection
	GlobalSection(ProjectConfigurationPlatforms) = postSolution
		{20761AF8-E81C-4832-AE3B-4FF8FD6FBF51}.Debug|Any CPU.ActiveCfg = Debug|Any CPU
		{20761AF8-E81C-4832-AE3B-4FF8FD6FBF51}.Debug|Any CPU.Build.0 = Debug|Any CPU
		{20761AF8-E81C-4832-AE3B-4FF8FD6FBF51}.Release|Any CPU.ActiveCfg = Release|Any CPU
		{20761AF8-E81C-4832-AE3B-4FF8FD6FBF51}.Release|Any CPU.Build.0 = Release|Any CPU
		{381EE0A3-AD8C-4A8B-80D9-8F56FF4FBC71}.Debug|Any CPU.ActiveCfg = Debug|Any CPU
		{381EE0A3-AD8C-4A8B-80D9-8F56FF4FBC71}.Debug|Any CPU.Build.0 = Debug|Any CPU
		{381EE0A3-AD8C-4A8B-80D9-8F56FF4FBC71}.Release|Any CPU.ActiveCfg = Release|Any CPU
		{381EE0A3-AD8C-4A8B-80D9-8F56FF4FBC71}.Release|Any CPU.Build.0 = Release|Any CPU
		{C6E5707B-AF0F-46C5-91C5-532AF3AE664A}.Debug|Any CPU.ActiveCfg = Debug|Any CPU
		{C6E5707B-AF0F-46C5-91C5-532AF3AE664A}.Debug|Any CPU.Build.0 = Debug|Any CPU
		{C6E5707B-AF0F-46C5-91C5-532AF3AE664A}.Release|Any CPU.ActiveCfg = Release|Any CPU
		{C6E5707B-AF0F-46C5-91C5-532AF3AE664A}.Release|Any CPU.Build.0 = Release|Any CPU
	EndGlobalSection
EndGlobal
